{
    "_readme": [
        "This file locks the dependencies of your project to a known state",
        "Read more about it at https://getcomposer.org/doc/01-basic-usage.md#composer-lock-the-lock-file",
        "This file is @generated automatically"
    ],
    "hash": "67c2017f8ba8d574fa69378bb3ec9660",
    "content-hash": "4cb27f7d0e67f93dbe6c482bdb51af89",
    "packages": [
        {
            "name": "mbv-media/magic-admin-page",
            "version": "v1.2",
            "source": {
                "type": "git",
                "url": "https://github.com/MBV-Media/MagicAdminPage.git",
                "reference": "4b18ac47d0449a2e98d02190c9b1a2ad8b40a2e0"
            },
            "dist": {
                "type": "zip",
                "url": "https://api.github.com/repos/MBV-Media/MagicAdminPage/zipball/4b18ac47d0449a2e98d02190c9b1a2ad8b40a2e0",
                "reference": "4b18ac47d0449a2e98d02190c9b1a2ad8b40a2e0",
                "shasum": ""
            },
            "require": {
                "php": ">=5.3.0"
            },
            "type": "library",
            "autoload": {
                "psr-4": {
                    "MagicAdminPage\\": "src/MagicAdminPage"
                }
            },
            "license": [
                "MIT"
            ],
            "authors": [
                {
                    "name": "R4c00n",
                    "email": "marcel.kempf93@gmail.com"
                }
            ],
            "description": "Helper class to generate WordPress admin pages.",
            "homepage": "https://github.com/R4c00n/MagicAdminPage",
            "keywords": [
                "wordpress",
                "wp-admin"
            ],
            "support": {
                "source": "https://github.com/MBV-Media/MagicAdminPage/tree/v1.2"
            },
            "time": "2015-12-18 07:25:54"
        }
    ],
    "packages-dev": [],
    "aliases": [],
    "minimum-stability": "stable",
    "stability-flags": [],
    "prefer-stable": false,
    "prefer-lowest": false,
    "platform": [],
    "platform-dev": []
}
